Microsoft Visual Studio Solution File, Format Version 12.00
# Visual Studio Version 17
VisualStudioVersion = 17.5.2.0
MinimumVisualStudioVersion = 10.0.40219.1
Project("{FAE04EC0-301F-11D3-BF4B-00C04F79EFBC}") = "Exercicio-TimeDoCoracao", "Exercicio-TimeDoCoracao.csproj", "{639E3281-594E-460C-6A1E-445C9D0B649E}"
EndProject
Global
	GlobalSection(SolutionConfigurationPlatforms) = preSolution
		Debug|Any CPU = Debug|Any CPU
		Release|Any CPU = Release|Any CPU
	EndGlobalSection
	GlobalSection(ProjectConfigurationPlatforms) = postSolution
		{639E3281-594E-460C-6A1E-445C9D0B649E}.Debug|Any CPU.ActiveCfg = Debug|Any CPU
		{639E3281-594E-460C-6A1E-445C9D0B649E}.Debug|Any CPU.Build.0 = Debug|Any CPU
		{639E3281-594E-460C-6A1E-445C9D0B649E}.Release|Any CPU.ActiveCfg = Release|Any CPU
		{639E3281-594E-460C-6A1E-445C9D0B649E}.Release|Any CPU.Build.0 = Release|Any CPU
	EndGlobalSection
	GlobalSection(SolutionProperties) = preSolution
		HideSolutionNode = FALSE
	EndGlobalSection
	GlobalSection(ExtensibilityGlobals) = postSolution
		SolutionGuid = {DD9ABD05-9F39-4EAE-8EA6-FAEE6F0762F4}
	EndGlobalSection
EndGlobal
